
Microsoft Visual Studio Solution File, Format Version 12.00
# Visual Studio Version 16
VisualStudioVersion = 16.0.31410.357
MinimumVisualStudioVersion = 15.0.26124.0
Project("{9A19103F-16F7-4668-BE54-9A1E7A4F7556}") = "FreeAds.API", "FreeAds.API.csproj", "{7F797696-FA2E-451A-9139-DF3A76A2B11B}"
EndProject
Global
	GlobalSection(SolutionConfigurationPlatforms) = preSolution
		Debug|Any CPU = Debug|Any CPU
		Debug|x64 = Debug|x64
		Debug|x86 = Debug|x86
		Release|Any CPU = Release|Any CPU
		Release|x64 = Release|x64
		Release|x86 = Release|x86
	EndGlobalSection
	GlobalSection(ProjectConfigurationPlatforms) = postSolution
		{7F797696-FA2E-451A-9139-DF3A76A2B11B}.Debug|Any CPU.ActiveCfg = Debug|Any CPU
		{7F797696-FA2E-451A-9139-DF3A76A2B11B}.Debug|Any CPU.Build.0 = Debug|Any CPU
		{7F797696-FA2E-451A-9139-DF3A76A2B11B}.Debug|x64.ActiveCfg = Debug|Any CPU
		{7F797696-FA2E-451A-9139-DF3A76A2B11B}.Debug|x64.Build.0 = Debug|Any CPU
		{7F797696-FA2E-451A-9139-DF3A76A2B11B}.Debug|x86.ActiveCfg = Debug|Any CPU
		{7F797696-FA2E-451A-9139-DF3A76A2B11B}.Debug|x86.Build.0 = Debug|Any CPU
		{7F797696-FA2E-451A-9139-DF3A76A2B11B}.Release|Any CPU.ActiveCfg = Release|Any CPU
		{7F797696-FA2E-451A-9139-DF3A76A2B11B}.Release|Any CPU.Build.0 = Release|Any CPU
		{7F797696-FA2E-451A-9139-DF3A76A2B11B}.Release|x64.ActiveCfg = Release|Any CPU
		{7F797696-FA2E-451A-9139-DF3A76A2B11B}.Release|x64.Build.0 = Release|Any CPU
		{7F797696-FA2E-451A-9139-DF3A76A2B11B}.Release|x86.ActiveCfg = Release|Any CPU
		{7F797696-FA2E-451A-9139-DF3A76A2B11B}.Release|x86.Build.0 = Release|Any CPU
	EndGlobalSection
	GlobalSection(SolutionProperties) = preSolution
		HideSolutionNode = FALSE
	EndGlobalSection
	GlobalSection(ExtensibilityGlobals) = postSolution
		SolutionGuid = {DED5EC44-9F40-4F1D-A114-A83D5153A13C}
	EndGlobalSection
EndGlobal
